
Microsoft Visual Studio Solution File, Format Version 12.00
# Visual Studio Version 17
VisualStudioVersion = 17.5.002.0
MinimumVisualStudioVersion = 10.0.40219.1
Project("{9A19103F-16F7-4668-BE54-9A1E7A4F7556}") = "cliente", "cliente.csproj", "{7C8567AF-CE61-4FB1-96B7-B106BEE7300C}"
EndProject
Global
	GlobalSection(SolutionConfigurationPlatforms) = preSolution
		Debug|Any CPU = Debug|Any CPU
		Release|Any CPU = Release|Any CPU
	EndGlobalSection
	GlobalSection(ProjectConfigurationPlatforms) = postSolution
		{7C8567AF-CE61-4FB1-96B7-B106BEE7300C}.Debug|Any CPU.ActiveCfg = Debug|Any CPU
		{7C8567AF-CE61-4FB1-96B7-B106BEE7300C}.Debug|Any CPU.Build.0 = Debug|Any CPU
		{7C8567AF-CE61-4FB1-96B7-B106BEE7300C}.Release|Any CPU.ActiveCfg = Release|Any CPU
		{7C8567AF-CE61-4FB1-96B7-B106BEE7300C}.Release|Any CPU.Build.0 = Release|Any CPU
	EndGlobalSection
	GlobalSection(SolutionProperties) = preSolution
		HideSolutionNode = FALSE
	EndGlobalSection
	GlobalSection(ExtensibilityGlobals) = postSolution
		SolutionGuid = {41CC61D2-224E-4B28-84C6-DD4AFD8C7348}
	EndGlobalSection
EndGlobal
